# This file was autogenerated by uv via the following command:
#    uv pip compile requirements.in -o requirements.lock
aiohappyeyeballs==2.6.2
    # via aiohttp
aiohttp==3.13.5
    # via edge-tts
aiosignal==1.4.0
    # via aiohttp
annotated-doc==0.0.4
    # via typer
annotated-types==0.7.0
    # via pydantic
anyio==4.13.0
    # via
    #   google-genai
    #   httpx
    #   httpx-ws
    #   openai
attrs==26.1.0
    # via aiohttp
av==17.0.1
    # via faster-whisper
certifi==2026.5.20
    # via
    #   edge-tts
    #   httpcore
    #   httpx
    #   requests
cffi==2.0.0
    # via cryptography
charset-normalizer==3.4.7
    # via requests
click==8.4.1
    # via
    #   huggingface-hub
    #   typer
colorama==0.4.6
    # via
    #   click
    #   tqdm
cryptography==48.0.0
    # via google-auth
ctranslate2==4.7.2
    # via faster-whisper
diskcache==5.6.3
    # via llama-cpp-python
distro==1.9.0
    # via
    #   google-genai
    #   openai
edge-tts==7.2.8
    # via -r requirements.in
faster-whisper==1.2.1
    # via -r requirements.in
filelock==3.29.0
    # via huggingface-hub
fish-audio-sdk==1.3.0
    # via -r requirements.in
flatbuffers==25.12.19
    # via onnxruntime
frozenlist==1.8.0
    # via
    #   aiohttp
    #   aiosignal
fsspec==2026.4.0
    # via huggingface-hub
google-auth==2.53.0
    # via google-genai
google-genai==2.6.0
    # via -r requirements.in
h11==0.16.0
    # via
    #   httpcore
    #   wsproto
hf-xet==1.5.0
    # via huggingface-hub
httpcore==1.0.9
    # via
    #   httpx
    #   httpx-ws
httpx==0.28.1
    # via
    #   fish-audio-sdk
    #   google-genai
    #   httpx-ws
    #   huggingface-hub
    #   openai
httpx-ws==0.9.0
    # via fish-audio-sdk
huggingface-hub==1.16.4
    # via
    #   faster-whisper
    #   tokenizers
idna==3.16
    # via
    #   anyio
    #   httpx
    #   requests
    #   yarl
jinja2==3.1.6
    # via llama-cpp-python
jiter==0.15.0
    # via openai
json-repair==0.59.10
    # via -r requirements.in
llama-cpp-python==0.3.23
    # via -r requirements.in
markdown-it-py==4.2.0
    # via rich
markupsafe==3.0.3
    # via jinja2
mdurl==0.1.2
    # via markdown-it-py
multidict==6.7.1
    # via
    #   aiohttp
    #   yarl
numpy==2.4.6
    # via
    #   ctranslate2
    #   llama-cpp-python
    #   onnxruntime
onnxruntime==1.26.0
    # via faster-whisper
openai==2.38.0
    # via -r requirements.in
ormsgpack==1.12.2
    # via fish-audio-sdk
packaging==26.2
    # via
    #   huggingface-hub
    #   onnxruntime
pillow==12.2.0
    # via -r requirements.in
propcache==0.5.2
    # via
    #   aiohttp
    #   yarl
protobuf==7.35.0
    # via onnxruntime
pyasn1==0.6.3
    # via pyasn1-modules
pyasn1-modules==0.4.2
    # via google-auth
pycparser==3.0
    # via cffi
pydantic==2.13.4
    # via
    #   fish-audio-sdk
    #   google-genai
    #   openai
pydantic-core==2.46.4
    # via pydantic
pygments==2.20.0
    # via rich
pywin32==311
    # via -r requirements.in
pyyaml==6.0.3
    # via
    #   ctranslate2
    #   huggingface-hub
requests==2.34.2
    # via
    #   -r requirements.in
    #   google-auth
    #   google-genai
rich==15.0.0
    # via typer
setuptools==82.0.1
    # via ctranslate2
shellingham==1.5.4
    # via typer
sniffio==1.3.1
    # via
    #   google-genai
    #   openai
srt==3.5.3
    # via -r requirements.in
tabulate==0.10.0
    # via edge-tts
tenacity==9.1.4
    # via google-genai
tokenizers==0.23.1
    # via faster-whisper
tqdm==4.67.3
    # via
    #   faster-whisper
    #   huggingface-hub
    #   openai
typer==0.25.1
    # via huggingface-hub
typing-extensions==4.15.0
    # via
    #   aiosignal
    #   anyio
    #   edge-tts
    #   fish-audio-sdk
    #   google-genai
    #   huggingface-hub
    #   llama-cpp-python
    #   openai
    #   pydantic
    #   pydantic-core
    #   typing-inspection
typing-inspection==0.4.2
    # via pydantic
urllib3==2.7.0
    # via requests
websockets==16.0
    # via google-genai
wsproto==1.3.2
    # via httpx-ws
yarl==1.24.2
    # via aiohttp
yt-dlp==2026.3.17
    # via -r requirements.in
